// !$*UTF8*$!
{
	archiveVersion = 1;
	classes = {
	};
	objectVersion = 46;
	objects = {

/* Begin PBXBuildFile section */
		6308DB9F1E0C5B9700C3F60D /* main.swift in Sources */ = {isa = PBXBuildFile; fileRef = 6308DB9E1E0C5B9700C3F60D /* main.swift */; };
/* End PBXBuildFile section */

/* Begin PBXContainerItemProxy section */
		6308DBB21E0C60B900C3F60D /* PBXContainerItemProxy */ = {
			isa = PBXContainerItemProxy;
			containerPortal = 6308DBAD1E0C60B900C3F60D /* CLRCrafterFramework.xcodeproj */;
			proxyType = 2;
			remoteGlobalIDString = 637EA68C1E09C26C00A1850F;
			remoteInfo = CLRCrafterFramework;
		};
		6308DBB41E0C60B900C3F60D /* PBXContainerItemProxy */ = {
			isa = PBXContainerItemProxy;
			containerPortal = 6308DBAD1E0C60B900C3F60D /* CLRCrafterFramework.xcodeproj */;
			proxyType = 2;
			remoteGlobalIDString = 637EA6951E09C26C00A1850F;
			remoteInfo = CLRCrafterFrameworkTests;
		};
		6308DBB61E0C60F600C3F60D /* PBXContainerItemProxy */ = {
			isa = PBXContainerItemProxy;
			containerPortal = 6308DBAD1E0C60B900C3F60D /* CLRCrafterFramework.xcodeproj */;
			proxyType = 1;
			remoteGlobalIDString = 637EA68B1E09C26C00A1850F;
			remoteInfo = CLRCrafterFramework;
		};
/* End PBXContainerItemProxy section */

/* Begin PBXFileReference section */
		6308DB801E0C5B6F00C3F60D /* CLRCrafter.app */ = {isa = PBXFileReference; explicitFileType = wrapper.application; includeInIndex = 0; path = CLRCrafter.app; sourceTree = BUILT_PRODUCTS_DIR; };
		6308DB8A1E0C5B6F00C3F60D /* Info.plist */ = {isa = PBXFileReference; lastKnownFileType = text.plist.xml; path = Info.plist; sourceTree = "<group>"; };
		6308DB9E1E0C5B9700C3F60D /* main.swift */ = {isa = PBXFileReference; fileEncoding = 4; lastKnownFileType = sourcecode.swift; path = main.swift; sourceTree = "<group>"; };
		6308DBAC1E0C5E0000C3F60D /* extract-binary.sh */ = {isa = PBXFileReference; lastKnownFileType = text.script.sh; path = "extract-binary.sh"; sourceTree = "<group>"; };
		6308DBAD1E0C60B900C3F60D /* CLRCrafterFramework.xcodeproj */ = {isa = PBXFileReference; lastKnownFileType = "wrapper.pb-project"; name = CLRCrafterFramework.xcodeproj; path = CLRCrafterFramework/CLRCrafterFramework.xcodeproj; sourceTree = "<group>"; };
/* End PBXFileReference section */

/* Begin PBXFrameworksBuildPhase section */
		6308DB7D1E0C5B6F00C3F60D /* Frameworks */ = {
			isa = PBXFrameworksBuildPhase;
			buildActionMask = 2147483647;
			files = (
			);
			runOnlyForDeploymentPostprocessing = 0;
		};
/* End PBXFrameworksBuildPhase section */

/* Begin PBXGroup section */
		6308DB771E0C5B6F00C3F60D = {
			isa = PBXGroup;
			children = (
				6308DBAD1E0C60B900C3F60D /* CLRCrafterFramework.xcodeproj */,
				6308DBAB1E0C5DE700C3F60D /* Scripts */,
				6308DB821E0C5B6F00C3F60D /* CLRCrafter */,
				6308DB811E0C5B6F00C3F60D /* Products */,
			);
			sourceTree = "<group>";
		};
		6308DB811E0C5B6F00C3F60D /* Products */ = {
			isa = PBXGroup;
			children = (
				6308DB801E0C5B6F00C3F60D /* CLRCrafter.app */,
			);
			name = Products;
			sourceTree = "<group>";
		};
		6308DB821E0C5B6F00C3F60D /* CLRCrafter */ = {
			isa = PBXGroup;
			children = (
				6308DB9E1E0C5B9700C3F60D /* main.swift */,
				6308DB8A1E0C5B6F00C3F60D /* Info.plist */,
			);
			path = CLRCrafter;
			sourceTree = "<group>";
		};
		6308DBAB1E0C5DE700C3F60D /* Scripts */ = {
			isa = PBXGroup;
			children = (
				6308DBAC1E0C5E0000C3F60D /* extract-binary.sh */,
			);
			path = Scripts;
			sourceTree = "<group>";
		};
		6308DBAE1E0C60B900C3F60D /* Products */ = {
			isa = PBXGroup;
			children = (
				6308DBB31E0C60B900C3F60D /* CLRCrafterFramework.framework */,
				6308DBB51E0C60B900C3F60D /* CLRCrafterFrameworkTests.xctest */,
			);
			name = Products;
			sourceTree = "<group>";
		};
/* End PBXGroup section */

/* Begin PBXNativeTarget section */
		6308DB7F1E0C5B6F00C3F60D /* CLRCrafter */ = {
			isa = PBXNativeTarget;
			buildConfigurationList = 6308DB981E0C5B6F00C3F60D /* Build configuration list for PBXNativeTarget "CLRCrafter" */;
			buildPhases = (
				6308DB7C1E0C5B6F00C3F60D /* Sources */,
				6308DB7D1E0C5B6F00C3F60D /* Frameworks */,
				6308DB7E1E0C5B6F00C3F60D /* Resources */,
				6308DBAA1E0C5CBE00C3F60D /* Get Binary */,
			);
			buildRules = (
			);
			dependencies = (
				6308DBB71E0C60F600C3F60D /* PBXTargetDependency */,
			);
			name = CLRCrafter;
			productName = CLRCrafter;
			productReference = 6308DB801E0C5B6F00C3F60D /* CLRCrafter.app */;
			productType = "com.apple.product-type.application";
		};
/* End PBXNativeTarget section */

/* Begin PBXProject section */
		6308DB781E0C5B6F00C3F60D /* Project object */ = {
			isa = PBXProject;
			attributes = {
				LastSwiftUpdateCheck = 0820;
				LastUpgradeCheck = 0820;
				ORGANIZATIONNAME = "Alex Antonyuk";
				TargetAttributes = {
					6308DB7F1E0C5B6F00C3F60D = {
						CreatedOnToolsVersion = 8.2.1;
						ProvisioningStyle = Automatic;
					};
				};
			};
			buildConfigurationList = 6308DB7B1E0C5B6F00C3F60D /* Build configuration list for PBXProject "CLRCrafter" */;
			compatibilityVersion = "Xcode 3.2";
			developmentRegion = English;
			hasScannedForEncodings = 0;
			knownRegions = (
				en,
				Base,
			);
			mainGroup = 6308DB771E0C5B6F00C3F60D;
			productRefGroup = 6308DB811E0C5B6F00C3F60D /* Products */;
			projectDirPath = "";
			projectReferences = (
				{
					ProductGroup = 6308DBAE1E0C60B900C3F60D /* Products */;
					ProjectRef = 6308DBAD1E0C60B900C3F60D /* CLRCrafterFramework.xcodeproj */;
				},
			);
			projectRoot = "";
			targets = (
				6308DB7F1E0C5B6F00C3F60D /* CLRCrafter */,
			);
		};
/* End PBXProject section */

/* Begin PBXReferenceProxy section */
		6308DBB31E0C60B900C3F60D /* CLRCrafterFramework.framework */ = {
			isa = PBXReferenceProxy;
			fileType = wrapper.framework;
			path = CLRCrafterFramework.framework;
			remoteRef = 6308DBB21E0C60B900C3F60D /* PBXContainerItemProxy */;
			sourceTree = BUILT_PRODUCTS_DIR;
		};
		6308DBB51E0C60B900C3F60D /* CLRCrafterFrameworkTests.xctest */ = {
			isa = PBXReferenceProxy;
			fileType = wrapper.cfbundle;
			path = CLRCrafterFrameworkTests.xctest;
			remoteRef = 6308DBB41E0C60B900C3F60D /* PBXContainerItemProxy */;
			sourceTree = BUILT_PRODUCTS_DIR;
		};
/* End PBXReferenceProxy section */

/* Begin PBXResourcesBuildPhase section */
		6308DB7E1E0C5B6F00C3F60D /* Resources */ = {
			isa = PBXResourcesBuildPhase;
			buildActionMask = 2147483647;
			files = (
			);
			runOnlyForDeploymentPostprocessing = 0;
		};
/* End PBXResourcesBuildPhase section */

/* Begin PBXShellScriptBuildPhase section */
		6308DBAA1E0C5CBE00C3F60D /* Get Binary */ = {
			isa = PBXShellScriptBuildPhase;
			buildActionMask = 2147483647;
			files = (
			);
			inputPaths = (
			);
			name = "Get Binary";
			outputPaths = (
			);
			runOnlyForDeploymentPostprocessing = 0;
			shellPath = /bin/bash;
			shellScript = ". ./Scripts/extract-binary.sh";
		};
/* End PBXShellScriptBuildPhase section */

/* Begin PBXSourcesBuildPhase section */
		6308DB7C1E0C5B6F00C3F60D /* Sources */ = {
			isa = PBXSourcesBuildPhase;
			buildActionMask = 2147483647;
			files = (
				6308DB9F1E0C5B9700C3F60D /* main.swift in Sources */,
			);
			runOnlyForDeploymentPostprocessing = 0;
		};
/* End PBXSourcesBuildPhase section */

/* Begin PBXTargetDependency section */
		6308DBB71E0C60F600C3F60D /* PBXTargetDependency */ = {
			isa = PBXTargetDependency;
			name = CLRCrafterFramework;
			targetProxy = 6308DBB61E0C60F600C3F60D /* PBXContainerItemProxy */;
		};
/* End PBXTargetDependency section */

/* Begin XCBuildConfiguration section */
		6308DB961E0C5B6F00C3F60D /* Debug */ = {
			isa = XCBuildConfiguration;
			buildSettings = {
				ALWAYS_SEARCH_USER_PATHS = NO;
				CLANG_ANALYZER_NONNULL = YES;
				CLANG_CXX_LANGUAGE_STANDARD = "gnu++0x";
				CLANG_CXX_LIBRARY = "libc++";
				CLANG_ENABLE_MODULES = YES;
				CLANG_ENABLE_OBJC_ARC = YES;
				CLANG_WARN_BOOL_CONVERSION = YES;
				CLANG_WARN_CONSTANT_CONVERSION = YES;
				CLANG_WARN_DIRECT_OBJC_ISA_USAGE = YES_ERROR;
				CLANG_WARN_DOCUMENTATION_COMMENTS = YES;
				CLANG_WARN_EMPTY_BODY = YES;
				CLANG_WARN_ENUM_CONVERSION = YES;
				CLANG_WARN_INFINITE_RECURSION = YES;
				CLANG_WARN_INT_CONVERSION = YES;
				CLANG_WARN_OBJC_ROOT_CLASS = YES_ERROR;
				CLANG_WARN_SUSPICIOUS_MOVE = YES;
				CLANG_WARN_UNREACHABLE_CODE = YES;
				CLANG_WARN__DUPLICATE_METHOD_MATCH = YES;
				CODE_SIGN_IDENTITY = "-";
				COPY_PHASE_STRIP = NO;
				DEBUG_INFORMATION_FORMAT = dwarf;
				ENABLE_STRICT_OBJC_MSGSEND = YES;
				ENABLE_TESTABILITY = YES;
				GCC_C_LANGUAGE_STANDARD = gnu99;
				GCC_DYNAMIC_NO_PIC = NO;
				GCC_NO_COMMON_BLOCKS = YES;
				GCC_OPTIMIZATION_LEVEL = 0;
				GCC_PREPROCESSOR_DEFINITIONS = (
					"DEBUG=1",
					"$(inherited)",
				);
				GCC_WARN_64_TO_32_BIT_CONVERSION = YES;
				GCC_WARN_ABOUT_RETURN_TYPE = YES_ERROR;
				GCC_WARN_UNDECLARED_SELECTOR = YES;
				GCC_WARN_UNINITIALIZED_AUTOS = YES_AGGRESSIVE;
				GCC_WARN_UNUSED_FUNCTION = YES;
				GCC_WARN_UNUSED_VARIABLE = YES;
				MACOSX_DEPLOYMENT_TARGET = 10.11;
				MTL_ENABLE_DEBUG_INFO = YES;
				ONLY_ACTIVE_ARCH = YES;
				SDKROOT = macosx;
				SWIFT_ACTIVE_COMPILATION_CONDITIONS = DEBUG;
				SWIFT_OPTIMIZATION_LEVEL = "-Onone";
			};
			name = Debug;
		};
		6308DB971E0C5B6F00C3F60D /* Release */ = {
			isa = XCBuildConfiguration;
			buildSettings = {
				ALWAYS_SEARCH_USER_PATHS = NO;
				CLANG_ANALYZER_NONNULL = YES;
				CLANG_CXX_LANGUAGE_STANDARD = "gnu++0x";
				CLANG_CXX_LIBRARY = "libc++";
				CLANG_ENABLE_MODULES = YES;
				CLANG_ENABLE_OBJC_ARC = YES;
				CLANG_WARN_BOOL_CONVERSION = YES;
				CLANG_WARN_CONSTANT_CONVERSION = YES;
				CLANG_WARN_DIRECT_OBJC_ISA_USAGE = YES_ERROR;
				CLANG_WARN_DOCUMENTATION_COMMENTS = YES;
				CLANG_WARN_EMPTY_BODY = YES;
				CLANG_WARN_ENUM_CONVERSION = YES;
				CLANG_WARN_INFINITE_RECURSION = YES;
				CLANG_WARN_INT_CONVERSION = YES;
				CLANG_WARN_OBJC_ROOT_CLASS = YES_ERROR;
				CLANG_WARN_SUSPICIOUS_MOVE = YES;
				CLANG_WARN_UNREACHABLE_CODE = YES;
				CLANG_WARN__DUPLICATE_METHOD_MATCH = YES;
				CODE_SIGN_IDENTITY = "-";
				COPY_PHASE_STRIP = NO;
				DEBUG_INFORMATION_FORMAT = "dwarf-with-dsym";
				ENABLE_NS_ASSERTIONS = NO;
				ENABLE_STRICT_OBJC_MSGSEND = YES;
				GCC_C_LANGUAGE_STANDARD = gnu99;
				GCC_NO_COMMON_BLOCKS = YES;
				GCC_WARN_64_TO_32_BIT_CONVERSION = YES;
				GCC_WARN_ABOUT_RETURN_TYPE = YES_ERROR;
				GCC_WARN_UNDECLARED_SELECTOR = YES;
				GCC_WARN_UNINITIALIZED_AUTOS = YES_AGGRESSIVE;
				GCC_WARN_UNUSED_FUNCTION = YES;
				GCC_WARN_UNUSED_VARIABLE = YES;
				MACOSX_DEPLOYMENT_TARGET = 10.11;
				MTL_ENABLE_DEBUG_INFO = NO;
				SDKROOT = macosx;
				SWIFT_OPTIMIZATION_LEVEL = "-Owholemodule";
			};
			name = Release;
		};
		6308DB991E0C5B6F00C3F60D /* Debug */ = {
			isa = XCBuildConfiguration;
			buildSettings = {
				ASSETCATALOG_COMPILER_APPICON_NAME = AppIcon;
				COMBINE_HIDPI_IMAGES = YES;
				INFOPLIST_FILE = CLRCrafter/Info.plist;
				LD_RUNPATH_SEARCH_PATHS = "$(inherited) @executable_path/../Frameworks @executable_path/. @rpath @rpath/Frameworks @executable_path/Frameworks";
				PRODUCT_BUNDLE_IDENTIFIER = me.antonyuk.CLRCrafter;
				PRODUCT_NAME = "$(TARGET_NAME)";
				SWIFT_VERSION = 3.0;
			};
			name = Debug;
		};
		6308DB9A1E0C5B6F00C3F60D /* Release */ = {
			isa = XCBuildConfiguration;
			buildSettings = {
				ASSETCATALOG_COMPILER_APPICON_NAME = AppIcon;
				COMBINE_HIDPI_IMAGES = YES;
				INFOPLIST_FILE = CLRCrafter/Info.plist;
				LD_RUNPATH_SEARCH_PATHS = "$(inherited) @executable_path/../Frameworks @executable_path/. @rpath @rpath/Frameworks @executable_path/Frameworks";
				PRODUCT_BUNDLE_IDENTIFIER = me.antonyuk.CLRCrafter;
				PRODUCT_NAME = "$(TARGET_NAME)";
				SWIFT_VERSION = 3.0;
			};
			name = Release;
		};
/* End XCBuildConfiguration section */

/* Begin XCConfigurationList section */
		6308DB7B1E0C5B6F00C3F60D /* Build configuration list for PBXProject "CLRCrafter" */ = {
			isa = XCConfigurationList;
			buildConfigurations = (
				6308DB961E0C5B6F00C3F60D /* Debug */,
				6308DB971E0C5B6F00C3F60D /* Release */,
			);
			defaultConfigurationIsVisible = 0;
			defaultConfigurationName = Release;
		};
		6308DB981E0C5B6F00C3F60D /* Build configuration list for PBXNativeTarget "CLRCrafter" */ = {
			isa = XCConfigurationList;
			buildConfigurations = (
				6308DB991E0C5B6F00C3F60D /* Debug */,
				6308DB9A1E0C5B6F00C3F60D /* Release */,
			);
			defaultConfigurationIsVisible = 0;
			defaultConfigurationName = Release;
		};
/* End XCConfigurationList section */
	};
	rootObject = 6308DB781E0C5B6F00C3F60D /* Project object */;
}
