// !$*UTF8*$!
{
	archiveVersion = 1;
	classes = {
	};
	objectVersion = 46;
	objects = {

/* Begin PBXBuildFile section */
		637EA6961E09C26C00A1850F /* CLRCrafterFramework.framework in Frameworks */ = {isa = PBXBuildFile; fileRef = 637EA68C1E09C26C00A1850F /* CLRCrafterFramework.framework */; };
		637EA69D1E09C26C00A1850F /* CLRCrafterFramework.h in Headers */ = {isa = PBXBuildFile; fileRef = 637EA68F1E09C26C00A1850F /* CLRCrafterFramework.h */; settings = {ATTRIBUTES = (Public, ); }; };
		637EA6B11E09C2D700A1850F /* example1.txt in Resources */ = {isa = PBXBuildFile; fileRef = 637EA6B01E09C2D700A1850F /* example1.txt */; };
		637EA6B51E09C31500A1850F /* ParserTest.swift in Sources */ = {isa = PBXBuildFile; fileRef = 637EA6B41E09C31500A1850F /* ParserTest.swift */; };
		637EA6B81E09C3B300A1850F /* ColorParser.swift in Sources */ = {isa = PBXBuildFile; fileRef = 637EA6B71E09C3B300A1850F /* ColorParser.swift */; };
		637EA6BA1E09D0EF00A1850F /* example2.txt in Resources */ = {isa = PBXBuildFile; fileRef = 637EA6B91E09D0EF00A1850F /* example2.txt */; };
/* End PBXBuildFile section */

/* Begin PBXContainerItemProxy section */
		637EA6971E09C26C00A1850F /* PBXContainerItemProxy */ = {
			isa = PBXContainerItemProxy;
			containerPortal = 637EA6831E09C26C00A1850F /* Project object */;
			proxyType = 1;
			remoteGlobalIDString = 637EA68B1E09C26C00A1850F;
			remoteInfo = CLRCrafterFramework;
		};
/* End PBXContainerItemProxy section */

/* Begin PBXFileReference section */
		637EA68C1E09C26C00A1850F /* CLRCrafterFramework.framework */ = {isa = PBXFileReference; explicitFileType = wrapper.framework; includeInIndex = 0; path = CLRCrafterFramework.framework; sourceTree = BUILT_PRODUCTS_DIR; };
		637EA68F1E09C26C00A1850F /* CLRCrafterFramework.h */ = {isa = PBXFileReference; lastKnownFileType = sourcecode.c.h; path = CLRCrafterFramework.h; sourceTree = "<group>"; };
		637EA6901E09C26C00A1850F /* Info.plist */ = {isa = PBXFileReference; lastKnownFileType = text.plist.xml; path = Info.plist; sourceTree = "<group>"; };
		637EA6951E09C26C00A1850F /* CLRCrafterFrameworkTests.xctest */ = {isa = PBXFileReference; explicitFileType = wrapper.cfbundle; includeInIndex = 0; path = CLRCrafterFrameworkTests.xctest; sourceTree = BUILT_PRODUCTS_DIR; };
		637EA69C1E09C26C00A1850F /* Info.plist */ = {isa = PBXFileReference; lastKnownFileType = text.plist.xml; path = Info.plist; sourceTree = "<group>"; };
		637EA6B01E09C2D700A1850F /* example1.txt */ = {isa = PBXFileReference; fileEncoding = 4; lastKnownFileType = text; path = example1.txt; sourceTree = "<group>"; };
		637EA6B41E09C31500A1850F /* ParserTest.swift */ = {isa = PBXFileReference; fileEncoding = 4; lastKnownFileType = sourcecode.swift; path = ParserTest.swift; sourceTree = "<group>"; };
		637EA6B71E09C3B300A1850F /* ColorParser.swift */ = {isa = PBXFileReference; fileEncoding = 4; lastKnownFileType = sourcecode.swift; path = ColorParser.swift; sourceTree = "<group>"; };
		637EA6B91E09D0EF00A1850F /* example2.txt */ = {isa = PBXFileReference; fileEncoding = 4; lastKnownFileType = text; path = example2.txt; sourceTree = "<group>"; };
/* End PBXFileReference section */

/* Begin PBXFrameworksBuildPhase section */
		637EA6881E09C26C00A1850F /* Frameworks */ = {
			isa = PBXFrameworksBuildPhase;
			buildActionMask = 2147483647;
			files = (
			);
			runOnlyForDeploymentPostprocessing = 0;
		};
		637EA6921E09C26C00A1850F /* Frameworks */ = {
			isa = PBXFrameworksBuildPhase;
			buildActionMask = 2147483647;
			files = (
				637EA6961E09C26C00A1850F /* CLRCrafterFramework.framework in Frameworks */,
			);
			runOnlyForDeploymentPostprocessing = 0;
		};
/* End PBXFrameworksBuildPhase section */

/* Begin PBXGroup section */
		637EA6821E09C26C00A1850F = {
			isa = PBXGroup;
			children = (
				637EA68E1E09C26C00A1850F /* CLRCrafterFramework */,
				637EA6991E09C26C00A1850F /* CLRCrafterFrameworkTests */,
				637EA68D1E09C26C00A1850F /* Products */,
			);
			sourceTree = "<group>";
		};
		637EA68D1E09C26C00A1850F /* Products */ = {
			isa = PBXGroup;
			children = (
				637EA68C1E09C26C00A1850F /* CLRCrafterFramework.framework */,
				637EA6951E09C26C00A1850F /* CLRCrafterFrameworkTests.xctest */,
			);
			name = Products;
			sourceTree = "<group>";
		};
		637EA68E1E09C26C00A1850F /* CLRCrafterFramework */ = {
			isa = PBXGroup;
			children = (
				637EA68F1E09C26C00A1850F /* CLRCrafterFramework.h */,
				637EA6901E09C26C00A1850F /* Info.plist */,
				637EA6B71E09C3B300A1850F /* ColorParser.swift */,
			);
			path = CLRCrafterFramework;
			sourceTree = "<group>";
		};
		637EA6991E09C26C00A1850F /* CLRCrafterFrameworkTests */ = {
			isa = PBXGroup;
			children = (
				637EA6AF1E09C2C900A1850F /* Resources */,
				637EA6B41E09C31500A1850F /* ParserTest.swift */,
				637EA69C1E09C26C00A1850F /* Info.plist */,
			);
			path = CLRCrafterFrameworkTests;
			sourceTree = "<group>";
		};
		637EA6AF1E09C2C900A1850F /* Resources */ = {
			isa = PBXGroup;
			children = (
				637EA6B01E09C2D700A1850F /* example1.txt */,
				637EA6B91E09D0EF00A1850F /* example2.txt */,
			);
			path = Resources;
			sourceTree = "<group>";
		};
/* End PBXGroup section */

/* Begin PBXHeadersBuildPhase section */
		637EA6891E09C26C00A1850F /* Headers */ = {
			isa = PBXHeadersBuildPhase;
			buildActionMask = 2147483647;
			files = (
				637EA69D1E09C26C00A1850F /* CLRCrafterFramework.h in Headers */,
			);
			runOnlyForDeploymentPostprocessing = 0;
		};
/* End PBXHeadersBuildPhase section */

/* Begin PBXNativeTarget section */
		637EA68B1E09C26C00A1850F /* CLRCrafterFramework */ = {
			isa = PBXNativeTarget;
			buildConfigurationList = 637EA6A01E09C26C00A1850F /* Build configuration list for PBXNativeTarget "CLRCrafterFramework" */;
			buildPhases = (
				637EA6871E09C26C00A1850F /* Sources */,
				637EA6881E09C26C00A1850F /* Frameworks */,
				637EA6891E09C26C00A1850F /* Headers */,
				637EA68A1E09C26C00A1850F /* Resources */,
			);
			buildRules = (
			);
			dependencies = (
			);
			name = CLRCrafterFramework;
			productName = CLRCrafterFramework;
			productReference = 637EA68C1E09C26C00A1850F /* CLRCrafterFramework.framework */;
			productType = "com.apple.product-type.framework";
		};
		637EA6941E09C26C00A1850F /* CLRCrafterFrameworkTests */ = {
			isa = PBXNativeTarget;
			buildConfigurationList = 637EA6A31E09C26C00A1850F /* Build configuration list for PBXNativeTarget "CLRCrafterFrameworkTests" */;
			buildPhases = (
				637EA6911E09C26C00A1850F /* Sources */,
				637EA6921E09C26C00A1850F /* Frameworks */,
				637EA6931E09C26C00A1850F /* Resources */,
			);
			buildRules = (
			);
			dependencies = (
				637EA6981E09C26C00A1850F /* PBXTargetDependency */,
			);
			name = CLRCrafterFrameworkTests;
			productName = CLRCrafterFrameworkTests;
			productReference = 637EA6951E09C26C00A1850F /* CLRCrafterFrameworkTests.xctest */;
			productType = "com.apple.product-type.bundle.unit-test";
		};
/* End PBXNativeTarget section */

/* Begin PBXProject section */
		637EA6831E09C26C00A1850F /* Project object */ = {
			isa = PBXProject;
			attributes = {
				LastSwiftUpdateCheck = 0820;
				LastUpgradeCheck = 0820;
				ORGANIZATIONNAME = "Alex Antonyuk";
				TargetAttributes = {
					637EA68B1E09C26C00A1850F = {
						CreatedOnToolsVersion = 8.2.1;
						LastSwiftMigration = 0820;
						ProvisioningStyle = Automatic;
					};
					637EA6941E09C26C00A1850F = {
						CreatedOnToolsVersion = 8.2.1;
						ProvisioningStyle = Automatic;
					};
				};
			};
			buildConfigurationList = 637EA6861E09C26C00A1850F /* Build configuration list for PBXProject "CLRCrafterFramework" */;
			compatibilityVersion = "Xcode 3.2";
			developmentRegion = English;
			hasScannedForEncodings = 0;
			knownRegions = (
				en,
			);
			mainGroup = 637EA6821E09C26C00A1850F;
			productRefGroup = 637EA68D1E09C26C00A1850F /* Products */;
			projectDirPath = "";
			projectRoot = "";
			targets = (
				637EA68B1E09C26C00A1850F /* CLRCrafterFramework */,
				637EA6941E09C26C00A1850F /* CLRCrafterFrameworkTests */,
			);
		};
/* End PBXProject section */

/* Begin PBXResourcesBuildPhase section */
		637EA68A1E09C26C00A1850F /* Resources */ = {
			isa = PBXResourcesBuildPhase;
			buildActionMask = 2147483647;
			files = (
			);
			runOnlyForDeploymentPostprocessing = 0;
		};
		637EA6931E09C26C00A1850F /* Resources */ = {
			isa = PBXResourcesBuildPhase;
			buildActionMask = 2147483647;
			files = (
				637EA6BA1E09D0EF00A1850F /* example2.txt in Resources */,
				637EA6B11E09C2D700A1850F /* example1.txt in Resources */,
			);
			runOnlyForDeploymentPostprocessing = 0;
		};
/* End PBXResourcesBuildPhase section */

/* Begin PBXSourcesBuildPhase section */
		637EA6871E09C26C00A1850F /* Sources */ = {
			isa = PBXSourcesBuildPhase;
			buildActionMask = 2147483647;
			files = (
				637EA6B81E09C3B300A1850F /* ColorParser.swift in Sources */,
			);
			runOnlyForDeploymentPostprocessing = 0;
		};
		637EA6911E09C26C00A1850F /* Sources */ = {
			isa = PBXSourcesBuildPhase;
			buildActionMask = 2147483647;
			files = (
				637EA6B51E09C31500A1850F /* ParserTest.swift in Sources */,
			);
			runOnlyForDeploymentPostprocessing = 0;
		};
/* End PBXSourcesBuildPhase section */

/* Begin PBXTargetDependency section */
		637EA6981E09C26C00A1850F /* PBXTargetDependency */ = {
			isa = PBXTargetDependency;
			target = 637EA68B1E09C26C00A1850F /* CLRCrafterFramework */;
			targetProxy = 637EA6971E09C26C00A1850F /* PBXContainerItemProxy */;
		};
/* End PBXTargetDependency section */

/* Begin XCBuildConfiguration section */
		637EA69E1E09C26C00A1850F /* Debug */ = {
			isa = XCBuildConfiguration;
			buildSettings = {
				ALWAYS_SEARCH_USER_PATHS = NO;
				CLANG_ANALYZER_NONNULL = YES;
				CLANG_CXX_LANGUAGE_STANDARD = "gnu++0x";
				CLANG_CXX_LIBRARY = "libc++";
				CLANG_ENABLE_MODULES = YES;
				CLANG_ENABLE_OBJC_ARC = YES;
				CLANG_WARN_BOOL_CONVERSION = YES;
				CLANG_WARN_CONSTANT_CONVERSION = YES;
				CLANG_WARN_DIRECT_OBJC_ISA_USAGE = YES_ERROR;
				CLANG_WARN_DOCUMENTATION_COMMENTS = YES;
				CLANG_WARN_EMPTY_BODY = YES;
				CLANG_WARN_ENUM_CONVERSION = YES;
				CLANG_WARN_INFINITE_RECURSION = YES;
				CLANG_WARN_INT_CONVERSION = YES;
				CLANG_WARN_OBJC_ROOT_CLASS = YES_ERROR;
				CLANG_WARN_SUSPICIOUS_MOVE = YES;
				CLANG_WARN_UNREACHABLE_CODE = YES;
				CLANG_WARN__DUPLICATE_METHOD_MATCH = YES;
				CODE_SIGN_IDENTITY = "-";
				COPY_PHASE_STRIP = NO;
				CURRENT_PROJECT_VERSION = 1;
				DEBUG_INFORMATION_FORMAT = dwarf;
				ENABLE_STRICT_OBJC_MSGSEND = YES;
				ENABLE_TESTABILITY = YES;
				GCC_C_LANGUAGE_STANDARD = gnu99;
				GCC_DYNAMIC_NO_PIC = NO;
				GCC_NO_COMMON_BLOCKS = YES;
				GCC_OPTIMIZATION_LEVEL = 0;
				GCC_PREPROCESSOR_DEFINITIONS = (
					"DEBUG=1",
					"$(inherited)",
				);
				GCC_WARN_64_TO_32_BIT_CONVERSION = YES;
				GCC_WARN_ABOUT_RETURN_TYPE = YES_ERROR;
				GCC_WARN_UNDECLARED_SELECTOR = YES;
				GCC_WARN_UNINITIALIZED_AUTOS = YES_AGGRESSIVE;
				GCC_WARN_UNUSED_FUNCTION = YES;
				GCC_WARN_UNUSED_VARIABLE = YES;
				MACOSX_DEPLOYMENT_TARGET = 10.11;
				MTL_ENABLE_DEBUG_INFO = YES;
				ONLY_ACTIVE_ARCH = YES;
				SDKROOT = macosx;
				SWIFT_ACTIVE_COMPILATION_CONDITIONS = DEBUG;
				SWIFT_OPTIMIZATION_LEVEL = "-Onone";
				VERSIONING_SYSTEM = "apple-generic";
				VERSION_INFO_PREFIX = "";
			};
			name = Debug;
		};
		637EA69F1E09C26C00A1850F /* Release */ = {
			isa = XCBuildConfiguration;
			buildSettings = {
				ALWAYS_SEARCH_USER_PATHS = NO;
				CLANG_ANALYZER_NONNULL = YES;
				CLANG_CXX_LANGUAGE_STANDARD = "gnu++0x";
				CLANG_CXX_LIBRARY = "libc++";
				CLANG_ENABLE_MODULES = YES;
				CLANG_ENABLE_OBJC_ARC = YES;
				CLANG_WARN_BOOL_CONVERSION = YES;
				CLANG_WARN_CONSTANT_CONVERSION = YES;
				CLANG_WARN_DIRECT_OBJC_ISA_USAGE = YES_ERROR;
				CLANG_WARN_DOCUMENTATION_COMMENTS = YES;
				CLANG_WARN_EMPTY_BODY = YES;
				CLANG_WARN_ENUM_CONVERSION = YES;
				CLANG_WARN_INFINITE_RECURSION = YES;
				CLANG_WARN_INT_CONVERSION = YES;
				CLANG_WARN_OBJC_ROOT_CLASS = YES_ERROR;
				CLANG_WARN_SUSPICIOUS_MOVE = YES;
				CLANG_WARN_UNREACHABLE_CODE = YES;
				CLANG_WARN__DUPLICATE_METHOD_MATCH = YES;
				CODE_SIGN_IDENTITY = "-";
				COPY_PHASE_STRIP = NO;
				CURRENT_PROJECT_VERSION = 1;
				DEBUG_INFORMATION_FORMAT = "dwarf-with-dsym";
				ENABLE_NS_ASSERTIONS = NO;
				ENABLE_STRICT_OBJC_MSGSEND = YES;
				GCC_C_LANGUAGE_STANDARD = gnu99;
				GCC_NO_COMMON_BLOCKS = YES;
				GCC_WARN_64_TO_32_BIT_CONVERSION = YES;
				GCC_WARN_ABOUT_RETURN_TYPE = YES_ERROR;
				GCC_WARN_UNDECLARED_SELECTOR = YES;
				GCC_WARN_UNINITIALIZED_AUTOS = YES_AGGRESSIVE;
				GCC_WARN_UNUSED_FUNCTION = YES;
				GCC_WARN_UNUSED_VARIABLE = YES;
				MACOSX_DEPLOYMENT_TARGET = 10.11;
				MTL_ENABLE_DEBUG_INFO = NO;
				SDKROOT = macosx;
				SWIFT_OPTIMIZATION_LEVEL = "-Owholemodule";
				VERSIONING_SYSTEM = "apple-generic";
				VERSION_INFO_PREFIX = "";
			};
			name = Release;
		};
		637EA6A11E09C26C00A1850F /* Debug */ = {
			isa = XCBuildConfiguration;
			buildSettings = {
				CLANG_ENABLE_MODULES = YES;
				CODE_SIGN_IDENTITY = "";
				COMBINE_HIDPI_IMAGES = YES;
				DEFINES_MODULE = YES;
				DYLIB_COMPATIBILITY_VERSION = 1;
				DYLIB_CURRENT_VERSION = 1;
				DYLIB_INSTALL_NAME_BASE = "@rpath";
				FRAMEWORK_VERSION = A;
				INFOPLIST_FILE = CLRCrafterFramework/Info.plist;
				INSTALL_PATH = "$(LOCAL_LIBRARY_DIR)/Frameworks";
				LD_RUNPATH_SEARCH_PATHS = "$(inherited) @executable_path/../Frameworks @loader_path/Frameworks";
				PRODUCT_BUNDLE_IDENTIFIER = me.antonyuk.CLRCrafterFramework;
				PRODUCT_NAME = "$(TARGET_NAME)";
				SKIP_INSTALL = YES;
				SWIFT_OPTIMIZATION_LEVEL = "-Onone";
				SWIFT_VERSION = 3.0;
			};
			name = Debug;
		};
		637EA6A21E09C26C00A1850F /* Release */ = {
			isa = XCBuildConfiguration;
			buildSettings = {
				CLANG_ENABLE_MODULES = YES;
				CODE_SIGN_IDENTITY = "";
				COMBINE_HIDPI_IMAGES = YES;
				DEFINES_MODULE = YES;
				DYLIB_COMPATIBILITY_VERSION = 1;
				DYLIB_CURRENT_VERSION = 1;
				DYLIB_INSTALL_NAME_BASE = "@rpath";
				FRAMEWORK_VERSION = A;
				INFOPLIST_FILE = CLRCrafterFramework/Info.plist;
				INSTALL_PATH = "$(LOCAL_LIBRARY_DIR)/Frameworks";
				LD_RUNPATH_SEARCH_PATHS = "$(inherited) @executable_path/../Frameworks @loader_path/Frameworks";
				PRODUCT_BUNDLE_IDENTIFIER = me.antonyuk.CLRCrafterFramework;
				PRODUCT_NAME = "$(TARGET_NAME)";
				SKIP_INSTALL = YES;
				SWIFT_VERSION = 3.0;
			};
			name = Release;
		};
		637EA6A41E09C26C00A1850F /* Debug */ = {
			isa = XCBuildConfiguration;
			buildSettings = {
				ALWAYS_EMBED_SWIFT_STANDARD_LIBRARIES = YES;
				COMBINE_HIDPI_IMAGES = YES;
				INFOPLIST_FILE = CLRCrafterFrameworkTests/Info.plist;
				LD_RUNPATH_SEARCH_PATHS = "$(inherited) @executable_path/../Frameworks @loader_path/../Frameworks";
				PRODUCT_BUNDLE_IDENTIFIER = me.antonyuk.CLRCrafterFrameworkTests;
				PRODUCT_NAME = "$(TARGET_NAME)";
				SWIFT_VERSION = 3.0;
			};
			name = Debug;
		};
		637EA6A51E09C26C00A1850F /* Release */ = {
			isa = XCBuildConfiguration;
			buildSettings = {
				ALWAYS_EMBED_SWIFT_STANDARD_LIBRARIES = YES;
				COMBINE_HIDPI_IMAGES = YES;
				INFOPLIST_FILE = CLRCrafterFrameworkTests/Info.plist;
				LD_RUNPATH_SEARCH_PATHS = "$(inherited) @executable_path/../Frameworks @loader_path/../Frameworks";
				PRODUCT_BUNDLE_IDENTIFIER = me.antonyuk.CLRCrafterFrameworkTests;
				PRODUCT_NAME = "$(TARGET_NAME)";
				SWIFT_VERSION = 3.0;
			};
			name = Release;
		};
/* End XCBuildConfiguration section */

/* Begin XCConfigurationList section */
		637EA6861E09C26C00A1850F /* Build configuration list for PBXProject "CLRCrafterFramework" */ = {
			isa = XCConfigurationList;
			buildConfigurations = (
				637EA69E1E09C26C00A1850F /* Debug */,
				637EA69F1E09C26C00A1850F /* Release */,
			);
			defaultConfigurationIsVisible = 0;
			defaultConfigurationName = Release;
		};
		637EA6A01E09C26C00A1850F /* Build configuration list for PBXNativeTarget "CLRCrafterFramework" */ = {
			isa = XCConfigurationList;
			buildConfigurations = (
				637EA6A11E09C26C00A1850F /* Debug */,
				637EA6A21E09C26C00A1850F /* Release */,
			);
			defaultConfigurationIsVisible = 0;
			defaultConfigurationName = Release;
		};
		637EA6A31E09C26C00A1850F /* Build configuration list for PBXNativeTarget "CLRCrafterFrameworkTests" */ = {
			isa = XCConfigurationList;
			buildConfigurations = (
				637EA6A41E09C26C00A1850F /* Debug */,
				637EA6A51E09C26C00A1850F /* Release */,
			);
			defaultConfigurationIsVisible = 0;
			defaultConfigurationName = Release;
		};
/* End XCConfigurationList section */
	};
	rootObject = 637EA6831E09C26C00A1850F /* Project object */;
}
